
Microsoft Visual Studio Solution File, Format Version 12.00
# Visual Studio Version 16
VisualStudioVersion = 16.0.30611.23
MinimumVisualStudioVersion = 10.0.40219.1
Project("{8BC9CEB8-8B4A-11D0-8D11-00A0C91BC942}") = "PanomersiveViewer", "PanomersiveViewer.vcxproj", "{F48BDE44-C9B6-40E3-B379-A95D83E6484E}"
EndProject
Global
	GlobalSection(SolutionConfigurationPlatforms) = preSolution
		Debug|x64 = Debug|x64
		Debug|x86 = Debug|x86
		Release|x64 = Release|x64
		Release|x86 = Release|x86
	EndGlobalSection
	GlobalSection(ProjectConfigurationPlatforms) = postSolution
		{F48BDE44-C9B6-40E3-B379-A95D83E6484E}.Debug|x64.ActiveCfg = Debug|x64
		{F48BDE44-C9B6-40E3-B379-A95D83E6484E}.Debug|x64.Build.0 = Debug|x64
		{F48BDE44-C9B6-40E3-B379-A95D83E6484E}.Debug|x86.ActiveCfg = Debug|Win32
		{F48BDE44-C9B6-40E3-B379-A95D83E6484E}.Debug|x86.Build.0 = Debug|Win32
		{F48BDE44-C9B6-40E3-B379-A95D83E6484E}.Release|x64.ActiveCfg = Release|x64
		{F48BDE44-C9B6-40E3-B379-A95D83E6484E}.Release|x64.Build.0 = Release|x64
		{F48BDE44-C9B6-40E3-B379-A95D83E6484E}.Release|x86.ActiveCfg = Release|Win32
		{F48BDE44-C9B6-40E3-B379-A95D83E6484E}.Release|x86.Build.0 = Release|Win32
	EndGlobalSection
	GlobalSection(SolutionProperties) = preSolution
		HideSolutionNode = FALSE
	EndGlobalSection
	GlobalSection(ExtensibilityGlobals) = postSolution
		SolutionGuid = {52E1CE6F-8258-41A2-A5D8-C575BA9F100F}
	EndGlobalSection
EndGlobal
